
Microsoft Visual Studio Solution File, Format Version 12.00
# Visual Studio Version 17
VisualStudioVersion = 17.14.36105.17 d17.14
MinimumVisualStudioVersion = 10.0.40219.1
Project("{2150E333-8FDC-42A3-9474-1A3956D46DE8}") = "src", "src", "{827E0CD3-B72D-47B6-A68D-7590B98EB39B}"
EndProject
Project("{FAE04EC0-301F-11D3-BF4B-00C04F79EFBC}") = "Error", "src\Error\Error.csproj", "{057F3897-CBC3-7F3A-D9E0-1DF75CE61FBF}"
EndProject
Project("{2150E333-8FDC-42A3-9474-1A3956D46DE8}") = "tests", "tests", "{0AB3BF05-4346-4AA6-1389-037BE0695223}"
EndProject
Project("{FAE04EC0-301F-11D3-BF4B-00C04F79EFBC}") = "Error.Tests", "tests\Error.Tests\Error.Tests.csproj", "{C7B0274D-E044-D35D-3310-AEF8168DBFE7}"
EndProject
Global
	GlobalSection(SolutionConfigurationPlatforms) = preSolution
		Debug|Any CPU = Debug|Any CPU
		Release|Any CPU = Release|Any CPU
	EndGlobalSection
	GlobalSection(ProjectConfigurationPlatforms) = postSolution
		{057F3897-CBC3-7F3A-D9E0-1DF75CE61FBF}.Debug|Any CPU.ActiveCfg = Debug|Any CPU
		{057F3897-CBC3-7F3A-D9E0-1DF75CE61FBF}.Debug|Any CPU.Build.0 = Debug|Any CPU
		{057F3897-CBC3-7F3A-D9E0-1DF75CE61FBF}.Release|Any CPU.ActiveCfg = Release|Any CPU
		{057F3897-CBC3-7F3A-D9E0-1DF75CE61FBF}.Release|Any CPU.Build.0 = Release|Any CPU
		{C7B0274D-E044-D35D-3310-AEF8168DBFE7}.Debug|Any CPU.ActiveCfg = Debug|Any CPU
		{C7B0274D-E044-D35D-3310-AEF8168DBFE7}.Debug|Any CPU.Build.0 = Debug|Any CPU
		{C7B0274D-E044-D35D-3310-AEF8168DBFE7}.Release|Any CPU.ActiveCfg = Release|Any CPU
		{C7B0274D-E044-D35D-3310-AEF8168DBFE7}.Release|Any CPU.Build.0 = Release|Any CPU
	EndGlobalSection
	GlobalSection(SolutionProperties) = preSolution
		HideSolutionNode = FALSE
	EndGlobalSection
	GlobalSection(NestedProjects) = preSolution
		{057F3897-CBC3-7F3A-D9E0-1DF75CE61FBF} = {827E0CD3-B72D-47B6-A68D-7590B98EB39B}
		{C7B0274D-E044-D35D-3310-AEF8168DBFE7} = {0AB3BF05-4346-4AA6-1389-037BE0695223}
	EndGlobalSection
EndGlobal
