<Solution>
  <Folder Name="/Solution Items/">
    <File Path="LICENSE" />
    <File Path="README.md" />
  </Folder>
  <Folder Name="/src/">
    <Project Path="src/Error/Error.csproj" />
  </Folder>
  <Folder Name="/tests/">
    <Project Path="tests/Error.Tests/Error.Tests.csproj" />
  </Folder>
</Solution>
